
Microsoft Visual Studio Solution File, Format Version 12.00
# Visual Studio Version 16
VisualStudioVersion = 16.0.37627.13
MinimumVisualStudioVersion = 10.0.40219.1
Project("{FAE04EC0-301F-11D3-BF4B-00C04F79EFBC}") = "LR_1_1_Lapshina_BPI_24_01", "LR_1_1_Lapshina_BPI_24_01\LR_1_1_Lapshina_BPI_24_01.csproj", "{979D598A-2FF3-4CB7-BAAE-7510E9F15DAE}"
EndProject
Global
	GlobalSection(SolutionConfigurationPlatforms) = preSolution
		Debug|Any CPU = Debug|Any CPU
		Release|Any CPU = Release|Any CPU
	EndGlobalSection
	GlobalSection(ProjectConfigurationPlatforms) = postSolution
		{979D598A-2FF3-4CB7-BAAE-7510E9F15DAE}.Debug|Any CPU.ActiveCfg = Debug|Any CPU
		{979D598A-2FF3-4CB7-BAAE-7510E9F15DAE}.Debug|Any CPU.Build.0 = Debug|Any CPU
		{979D598A-2FF3-4CB7-BAAE-7510E9F15DAE}.Release|Any CPU.ActiveCfg = Release|Any CPU
		{979D598A-2FF3-4CB7-BAAE-7510E9F15DAE}.Release|Any CPU.Build.0 = Release|Any CPU
	EndGlobalSection
	GlobalSection(SolutionProperties) = preSolution
		HideSolutionNode = FALSE
	EndGlobalSection
	GlobalSection(ExtensibilityGlobals) = postSolution
		SolutionGuid = {F013923B-812B-4E8D-A2BE-8386CBF74EA1}
	EndGlobalSection
EndGlobal
